
Microsoft Visual Studio Solution File, Format Version 12.00
# Visual Studio Version 16
VisualStudioVersion = 16.0.30804.86
MinimumVisualStudioVersion = 10.0.40219.1
Project("{FAE04EC0-301F-11D3-BF4B-00C04F79EFBC}") = "Classes", "Classes\Classes.csproj", "{07F70B84-D348-49DC-8B4C-FA92F03A7914}"
EndProject
Global
	GlobalSection(SolutionConfigurationPlatforms) = preSolution
		Debug|Any CPU = Debug|Any CPU
		Release|Any CPU = Release|Any CPU
	EndGlobalSection
	GlobalSection(ProjectConfigurationPlatforms) = postSolution
		{07F70B84-D348-49DC-8B4C-FA92F03A7914}.Debug|Any CPU.ActiveCfg = Debug|Any CPU
		{07F70B84-D348-49DC-8B4C-FA92F03A7914}.Debug|Any CPU.Build.0 = Debug|Any CPU
		{07F70B84-D348-49DC-8B4C-FA92F03A7914}.Release|Any CPU.ActiveCfg = Release|Any CPU
		{07F70B84-D348-49DC-8B4C-FA92F03A7914}.Release|Any CPU.Build.0 = Release|Any CPU
	EndGlobalSection
	GlobalSection(SolutionProperties) = preSolution
		HideSolutionNode = FALSE
	EndGlobalSection
	GlobalSection(ExtensibilityGlobals) = postSolution
		SolutionGuid = {A1353034-83E3-4CF3-9322-7875BB6F78BA}
	EndGlobalSection
EndGlobal
